// !$*UTF8*$!
{
	archiveVersion = 1;
	classes = {
	};
	objectVersion = 46;
	objects = {

/* Begin PBXBuildFile section */
		2968B2D516E70205009D884A /* UIKit.framework in Frameworks */ = {isa = PBXBuildFile; fileRef = 2968B2D416E70205009D884A /* UIKit.framework */; };
		2968B2D716E70205009D884A /* Foundation.framework in Frameworks */ = {isa = PBXBuildFile; fileRef = 2968B2D616E70205009D884A /* Foundation.framework */; };
		2968B2D916E70205009D884A /* CoreGraphics.framework in Frameworks */ = {isa = PBXBuildFile; fileRef = 2968B2D816E70205009D884A /* CoreGraphics.framework */; };
		2968B2DF16E70205009D884A /* InfoPlist.strings in Resources */ = {isa = PBXBuildFile; fileRef = 2968B2DD16E70205009D884A /* InfoPlist.strings */; };
		2968B2E116E70205009D884A /* main.m in Sources */ = {isa = PBXBuildFile; fileRef = 2968B2E016E70205009D884A /* main.m */; };
		2968B2E516E70205009D884A /* InnerBeatAppDelegate.m in Sources */ = {isa = PBXBuildFile; fileRef = 2968B2E416E70205009D884A /* InnerBeatAppDelegate.m */; };
		2968B2E716E70205009D884A /* Default.png in Resources */ = {isa = PBXBuildFile; fileRef = 2968B2E616E70205009D884A /* Default.png */; };
		2968B2E916E70205009D884A /* Default@2x.png in Resources */ = {isa = PBXBuildFile; fileRef = 2968B2E816E70205009D884A /* Default@2x.png */; };
		2968B2EB16E70205009D884A /* Default-568h@2x.png in Resources */ = {isa = PBXBuildFile; fileRef = 2968B2EA16E70205009D884A /* Default-568h@2x.png */; };
		2968B2F416E702F0009D884A /* ProfileSelectViewController.m in Sources */ = {isa = PBXBuildFile; fileRef = 2968B2F216E702F0009D884A /* ProfileSelectViewController.m */; };
		2968B2F516E702F0009D884A /* ProfileSelectViewController.xib in Resources */ = {isa = PBXBuildFile; fileRef = 2968B2F316E702F0009D884A /* ProfileSelectViewController.xib */; };
		2968B2F916E715EB009D884A /* PlaylistSelectViewController.m in Sources */ = {isa = PBXBuildFile; fileRef = 2968B2F716E715EB009D884A /* PlaylistSelectViewController.m */; };
		2968B2FA16E715EB009D884A /* PlaylistSelectViewController.xib in Resources */ = {isa = PBXBuildFile; fileRef = 2968B2F816E715EB009D884A /* PlaylistSelectViewController.xib */; };
		2968B2FF16E866E2009D884A /* ProfileItem.m in Sources */ = {isa = PBXBuildFile; fileRef = 2968B2FE16E866E2009D884A /* ProfileItem.m */; };
		2968B30216E86DE0009D884A /* ProfileItemStore.m in Sources */ = {isa = PBXBuildFile; fileRef = 2968B30116E86DE0009D884A /* ProfileItemStore.m */; };
		2968B30F16EC3E6B009D884A /* ProfileEditViewController.m in Sources */ = {isa = PBXBuildFile; fileRef = 2968B30D16EC3E6B009D884A /* ProfileEditViewController.m */; };
		2968B31016EC3E6B009D884A /* ProfileEditViewController.xib in Resources */ = {isa = PBXBuildFile; fileRef = 2968B30E16EC3E6B009D884A /* ProfileEditViewController.xib */; };
		2968B31316F2DBB6009D884A /* PlaylistItem.m in Sources */ = {isa = PBXBuildFile; fileRef = 2968B31216F2DBB6009D884A /* PlaylistItem.m */; };
		2968B31616F2E32E009D884A /* PlaylistItemStore.m in Sources */ = {isa = PBXBuildFile; fileRef = 2968B31516F2E32E009D884A /* PlaylistItemStore.m */; };
		2968B31B16F43E00009D884A /* RunningViewController.m in Sources */ = {isa = PBXBuildFile; fileRef = 2968B31916F43E00009D884A /* RunningViewController.m */; };
		2968B31C16F43E00009D884A /* RunningViewController.xib in Resources */ = {isa = PBXBuildFile; fileRef = 2968B31A16F43E00009D884A /* RunningViewController.xib */; };
		2968B31E16F56C68009D884A /* MediaPlayer.framework in Frameworks */ = {isa = PBXBuildFile; fileRef = 2968B31D16F56C68009D884A /* MediaPlayer.framework */; };
		2968B32016F69BA6009D884A /* AVFoundation.framework in Frameworks */ = {isa = PBXBuildFile; fileRef = 2968B31F16F69BA6009D884A /* AVFoundation.framework */; settings = {ATTRIBUTES = (Required, ); }; };
		2968B32216F6A1FA009D884A /* CoreLocation.framework in Frameworks */ = {isa = PBXBuildFile; fileRef = 2968B32116F6A1FA009D884A /* CoreLocation.framework */; };
		2983AA8316FFD99C00DF0CD8 /* Accelerate.framework in Frameworks */ = {isa = PBXBuildFile; fileRef = 2983AA8216FFD99C00DF0CD8 /* Accelerate.framework */; };
		2983AA8916FFF85C00DF0CD8 /* MediaToolbox.framework in Frameworks */ = {isa = PBXBuildFile; fileRef = 2983AA8816FFF85C00DF0CD8 /* MediaToolbox.framework */; };
		2983AA8B1700170900DF0CD8 /* libstdc++.dylib in Frameworks */ = {isa = PBXBuildFile; fileRef = 2983AA8A1700170900DF0CD8 /* libstdc++.dylib */; };
		2983AA8D170017A800DF0CD8 /* SoundTouch in Frameworks */ = {isa = PBXBuildFile; fileRef = 2983AA8C170017A800DF0CD8 /* SoundTouch */; };
		2983AA9817001B7C00DF0CD8 /* SoundTouchRef.mm in Sources */ = {isa = PBXBuildFile; fileRef = 2983AA9717001B7C00DF0CD8 /* SoundTouchRef.mm */; };
/* End PBXBuildFile section */

/* Begin PBXFileReference section */
		2968B2D116E70205009D884A /* InnerBeat.app */ = {isa = PBXFileReference; explicitFileType = wrapper.application; includeInIndex = 0; path = InnerBeat.app; sourceTree = BUILT_PRODUCTS_DIR; };
		2968B2D416E70205009D884A /* UIKit.framework */ = {isa = PBXFileReference; lastKnownFileType = wrapper.framework; name = UIKit.framework; path = System/Library/Frameworks/UIKit.framework; sourceTree = SDKROOT; };
		2968B2D616E70205009D884A /* Foundation.framework */ = {isa = PBXFileReference; lastKnownFileType = wrapper.framework; name = Foundation.framework; path = System/Library/Frameworks/Foundation.framework; sourceTree = SDKROOT; };
		2968B2D816E70205009D884A /* CoreGraphics.framework */ = {isa = PBXFileReference; lastKnownFileType = wrapper.framework; name = CoreGraphics.framework; path = System/Library/Frameworks/CoreGraphics.framework; sourceTree = SDKROOT; };
		2968B2DC16E70205009D884A /* InnerBeat-Info.plist */ = {isa = PBXFileReference; lastKnownFileType = text.plist.xml; path = "InnerBeat-Info.plist"; sourceTree = "<group>"; };
		2968B2DE16E70205009D884A /* en */ = {isa = PBXFileReference; lastKnownFileType = text.plist.strings; name = en; path = en.lproj/InfoPlist.strings; sourceTree = "<group>"; };
		2968B2E016E70205009D884A /* main.m */ = {isa = PBXFileReference; lastKnownFileType = sourcecode.c.objc; path = main.m; sourceTree = "<group>"; };
		2968B2E216E70205009D884A /* InnerBeat-Prefix.pch */ = {isa = PBXFileReference; lastKnownFileType = sourcecode.c.h; path = "InnerBeat-Prefix.pch"; sourceTree = "<group>"; };
		2968B2E316E70205009D884A /* InnerBeatAppDelegate.h */ = {isa = PBXFileReference; lastKnownFileType = sourcecode.c.h; path = InnerBeatAppDelegate.h; sourceTree = "<group>"; };
		2968B2E416E70205009D884A /* InnerBeatAppDelegate.m */ = {isa = PBXFileReference; lastKnownFileType = sourcecode.c.objc; path = InnerBeatAppDelegate.m; sourceTree = "<group>"; };
		2968B2E616E70205009D884A /* Default.png */ = {isa = PBXFileReference; lastKnownFileType = image.png; path = Default.png; sourceTree = "<group>"; };
		2968B2E816E70205009D884A /* Default@2x.png */ = {isa = PBXFileReference; lastKnownFileType = image.png; path = "Default@2x.png"; sourceTree = "<group>"; };
		2968B2EA16E70205009D884A /* Default-568h@2x.png */ = {isa = PBXFileReference; lastKnownFileType = image.png; path = "Default-568h@2x.png"; sourceTree = "<group>"; };
		2968B2F116E702F0009D884A /* ProfileSelectViewController.h */ = {isa = PBXFileReference; fileEncoding = 4; lastKnownFileType = sourcecode.c.h; path = ProfileSelectViewController.h; sourceTree = "<group>"; };
		2968B2F216E702F0009D884A /* ProfileSelectViewController.m */ = {isa = PBXFileReference; fileEncoding = 4; lastKnownFileType = sourcecode.c.objc; path = ProfileSelectViewController.m; sourceTree = "<group>"; };
		2968B2F316E702F0009D884A /* ProfileSelectViewController.xib */ = {isa = PBXFileReference; fileEncoding = 4; lastKnownFileType = file.xib; path = ProfileSelectViewController.xib; sourceTree = "<group>"; };
		2968B2F616E715EB009D884A /* PlaylistSelectViewController.h */ = {isa = PBXFileReference; fileEncoding = 4; lastKnownFileType = sourcecode.c.h; path = PlaylistSelectViewController.h; sourceTree = "<group>"; };
		2968B2F716E715EB009D884A /* PlaylistSelectViewController.m */ = {isa = PBXFileReference; fileEncoding = 4; lastKnownFileType = sourcecode.c.objc; path = PlaylistSelectViewController.m; sourceTree = "<group>"; };
		2968B2F816E715EB009D884A /* PlaylistSelectViewController.xib */ = {isa = PBXFileReference; fileEncoding = 4; lastKnownFileType = file.xib; path = PlaylistSelectViewController.xib; sourceTree = "<group>"; };
		2968B2FD16E866E2009D884A /* ProfileItem.h */ = {isa = PBXFileReference; fileEncoding = 4; lastKnownFileType = sourcecode.c.h; path = ProfileItem.h; sourceTree = "<group>"; };
		2968B2FE16E866E2009D884A /* ProfileItem.m */ = {isa = PBXFileReference; fileEncoding = 4; lastKnownFileType = sourcecode.c.objc; path = ProfileItem.m; sourceTree = "<group>"; };
		2968B30016E86DE0009D884A /* ProfileItemStore.h */ = {isa = PBXFileReference; fileEncoding = 4; lastKnownFileType = sourcecode.c.h; path = ProfileItemStore.h; sourceTree = "<group>"; };
		2968B30116E86DE0009D884A /* ProfileItemStore.m */ = {isa = PBXFileReference; fileEncoding = 4; lastKnownFileType = sourcecode.c.objc; path = ProfileItemStore.m; sourceTree = "<group>"; };
		2968B30C16EC3E6B009D884A /* ProfileEditViewController.h */ = {isa = PBXFileReference; fileEncoding = 4; lastKnownFileType = sourcecode.c.h; path = ProfileEditViewController.h; sourceTree = "<group>"; };
		2968B30D16EC3E6B009D884A /* ProfileEditViewController.m */ = {isa = PBXFileReference; fileEncoding = 4; lastKnownFileType = sourcecode.c.objc; path = ProfileEditViewController.m; sourceTree = "<group>"; };
		2968B30E16EC3E6B009D884A /* ProfileEditViewController.xib */ = {isa = PBXFileReference; fileEncoding = 4; lastKnownFileType = file.xib; path = ProfileEditViewController.xib; sourceTree = "<group>"; };
		2968B31116F2D9A8009D884A /* PlaylistItem.h */ = {isa = PBXFileReference; fileEncoding = 4; lastKnownFileType = sourcecode.c.h; path = PlaylistItem.h; sourceTree = "<group>"; };
		2968B31216F2DBB6009D884A /* PlaylistItem.m */ = {isa = PBXFileReference; fileEncoding = 4; lastKnownFileType = sourcecode.c.objc; path = PlaylistItem.m; sourceTree = "<group>"; };
		2968B31416F2E075009D884A /* PlaylistItemStore.h */ = {isa = PBXFileReference; fileEncoding = 4; lastKnownFileType = sourcecode.c.h; path = PlaylistItemStore.h; sourceTree = "<group>"; };
		2968B31516F2E32E009D884A /* PlaylistItemStore.m */ = {isa = PBXFileReference; fileEncoding = 4; lastKnownFileType = sourcecode.c.objc; path = PlaylistItemStore.m; sourceTree = "<group>"; };
		2968B31816F43E00009D884A /* RunningViewController.h */ = {isa = PBXFileReference; fileEncoding = 4; lastKnownFileType = sourcecode.c.h; path = RunningViewController.h; sourceTree = "<group>"; };
		2968B31916F43E00009D884A /* RunningViewController.m */ = {isa = PBXFileReference; fileEncoding = 4; lastKnownFileType = sourcecode.c.objc; path = RunningViewController.m; sourceTree = "<group>"; };
		2968B31A16F43E00009D884A /* RunningViewController.xib */ = {isa = PBXFileReference; fileEncoding = 4; lastKnownFileType = file.xib; path = RunningViewController.xib; sourceTree = "<group>"; };
		2968B31D16F56C68009D884A /* MediaPlayer.framework */ = {isa = PBXFileReference; lastKnownFileType = wrapper.framework; name = MediaPlayer.framework; path = System/Library/Frameworks/MediaPlayer.framework; sourceTree = SDKROOT; };
		2968B31F16F69BA6009D884A /* AVFoundation.framework */ = {isa = PBXFileReference; lastKnownFileType = wrapper.framework; name = AVFoundation.framework; path = System/Library/Frameworks/AVFoundation.framework; sourceTree = SDKROOT; };
		2968B32116F6A1FA009D884A /* CoreLocation.framework */ = {isa = PBXFileReference; lastKnownFileType = wrapper.framework; name = CoreLocation.framework; path = System/Library/Frameworks/CoreLocation.framework; sourceTree = SDKROOT; };
		2983AA8216FFD99C00DF0CD8 /* Accelerate.framework */ = {isa = PBXFileReference; lastKnownFileType = wrapper.framework; name = Accelerate.framework; path = System/Library/Frameworks/Accelerate.framework; sourceTree = SDKROOT; };
		2983AA8416FFF5A700DF0CD8 /* CoreAudio.framework */ = {isa = PBXFileReference; lastKnownFileType = wrapper.framework; name = CoreAudio.framework; path = System/Library/Frameworks/CoreAudio.framework; sourceTree = SDKROOT; };
		2983AA8616FFF84B00DF0CD8 /* AssetsLibrary.framework */ = {isa = PBXFileReference; lastKnownFileType = wrapper.framework; name = AssetsLibrary.framework; path = System/Library/Frameworks/AssetsLibrary.framework; sourceTree = SDKROOT; };
		2983AA8816FFF85C00DF0CD8 /* MediaToolbox.framework */ = {isa = PBXFileReference; lastKnownFileType = wrapper.framework; name = MediaToolbox.framework; path = System/Library/Frameworks/MediaToolbox.framework; sourceTree = SDKROOT; };
		2983AA8A1700170900DF0CD8 /* libstdc++.dylib */ = {isa = PBXFileReference; lastKnownFileType = "compiled.mach-o.dylib"; name = "libstdc++.dylib"; path = "usr/lib/libstdc++.dylib"; sourceTree = SDKROOT; };
		2983AA8C170017A800DF0CD8 /* SoundTouch */ = {isa = PBXFileReference; lastKnownFileType = "compiled.mach-o.objfile"; name = SoundTouch; path = "../../../FBAudio-master/FBAudioLib/SoundTouch.framework/SoundTouch"; sourceTree = "<group>"; };
		2983AA91170019F000DF0CD8 /* SoundTouchRef.h */ = {isa = PBXFileReference; fileEncoding = 4; lastKnownFileType = sourcecode.c.h; path = SoundTouchRef.h; sourceTree = "<group>"; };
		2983AA9717001B7C00DF0CD8 /* SoundTouchRef.mm */ = {isa = PBXFileReference; fileEncoding = 4; lastKnownFileType = sourcecode.cpp.objcpp; path = SoundTouchRef.mm; sourceTree = "<group>"; };
		2983AA9A17001DBF00DF0CD8 /* BPMDetect.h */ = {isa = PBXFileReference; fileEncoding = 4; lastKnownFileType = sourcecode.c.h; path = BPMDetect.h; sourceTree = "<group>"; };
		2983AA9B17001DBF00DF0CD8 /* FIFOSampleBuffer.h */ = {isa = PBXFileReference; fileEncoding = 4; lastKnownFileType = sourcecode.c.h; path = FIFOSampleBuffer.h; sourceTree = "<group>"; };
		2983AA9C17001DBF00DF0CD8 /* FIFOSamplePipe.h */ = {isa = PBXFileReference; fileEncoding = 4; lastKnownFileType = sourcecode.c.h; path = FIFOSamplePipe.h; sourceTree = "<group>"; };
		2983AA9D17001DBF00DF0CD8 /* SoundTouch.h */ = {isa = PBXFileReference; fileEncoding = 4; lastKnownFileType = sourcecode.c.h; path = SoundTouch.h; sourceTree = "<group>"; };
		2983AA9E17001DBF00DF0CD8 /* soundtouch_config.h */ = {isa = PBXFileReference; fileEncoding = 4; lastKnownFileType = sourcecode.c.h; path = soundtouch_config.h; sourceTree = "<group>"; };
		2983AA9F17001DBF00DF0CD8 /* STTypes.h */ = {isa = PBXFileReference; fileEncoding = 4; lastKnownFileType = sourcecode.c.h; path = STTypes.h; sourceTree = "<group>"; };
/* End PBXFileReference section */

/* Begin PBXFrameworksBuildPhase section */
		2968B2CE16E70205009D884A /* Frameworks */ = {
			isa = PBXFrameworksBuildPhase;
			buildActionMask = 2147483647;
			files = (
				2983AA8D170017A800DF0CD8 /* SoundTouch in Frameworks */,
				2983AA8B1700170900DF0CD8 /* libstdc++.dylib in Frameworks */,
				2983AA8916FFF85C00DF0CD8 /* MediaToolbox.framework in Frameworks */,
				2968B32016F69BA6009D884A /* AVFoundation.framework in Frameworks */,
				2983AA8316FFD99C00DF0CD8 /* Accelerate.framework in Frameworks */,
				2968B32216F6A1FA009D884A /* CoreLocation.framework in Frameworks */,
				2968B31E16F56C68009D884A /* MediaPlayer.framework in Frameworks */,
				2968B2D516E70205009D884A /* UIKit.framework in Frameworks */,
				2968B2D716E70205009D884A /* Foundation.framework in Frameworks */,
				2968B2D916E70205009D884A /* CoreGraphics.framework in Frameworks */,
			);
			runOnlyForDeploymentPostprocessing = 0;
		};
/* End PBXFrameworksBuildPhase section */

/* Begin PBXGroup section */
		2968B2C816E70205009D884A = {
			isa = PBXGroup;
			children = (
				2983AA8A1700170900DF0CD8 /* libstdc++.dylib */,
				2983AA8816FFF85C00DF0CD8 /* MediaToolbox.framework */,
				2983AA8616FFF84B00DF0CD8 /* AssetsLibrary.framework */,
				2983AA8416FFF5A700DF0CD8 /* CoreAudio.framework */,
				2983AA8216FFD99C00DF0CD8 /* Accelerate.framework */,
				2968B32116F6A1FA009D884A /* CoreLocation.framework */,
				2968B31F16F69BA6009D884A /* AVFoundation.framework */,
				2968B31D16F56C68009D884A /* MediaPlayer.framework */,
				2968B2DA16E70205009D884A /* InnerBeat */,
				2968B2D316E70205009D884A /* Frameworks */,
				2968B2D216E70205009D884A /* Products */,
			);
			sourceTree = "<group>";
		};
		2968B2D216E70205009D884A /* Products */ = {
			isa = PBXGroup;
			children = (
				2968B2D116E70205009D884A /* InnerBeat.app */,
			);
			name = Products;
			sourceTree = "<group>";
		};
		2968B2D316E70205009D884A /* Frameworks */ = {
			isa = PBXGroup;
			children = (
				2968B2D416E70205009D884A /* UIKit.framework */,
				2968B2D616E70205009D884A /* Foundation.framework */,
				2968B2D816E70205009D884A /* CoreGraphics.framework */,
			);
			name = Frameworks;
			sourceTree = "<group>";
		};
		2968B2DA16E70205009D884A /* InnerBeat */ = {
			isa = PBXGroup;
			children = (
				2983AA8E1700187200DF0CD8 /* SoundTouch */,
				2968B31716F43D94009D884A /* RunningScreen */,
				2968B30616EC3D93009D884A /* ProfileEdit */,
				2968B2FC16E8666C009D884A /* PlaylistSelect */,
				2968B2E316E70205009D884A /* InnerBeatAppDelegate.h */,
				2968B2E416E70205009D884A /* InnerBeatAppDelegate.m */,
				2968B2FB16E86630009D884A /* ProfileSelect */,
				2968B2DB16E70205009D884A /* Supporting Files */,
			);
			path = InnerBeat;
			sourceTree = "<group>";
		};
		2968B2DB16E70205009D884A /* Supporting Files */ = {
			isa = PBXGroup;
			children = (
				2983AA9917001DBF00DF0CD8 /* Headers */,
				2983AA8C170017A800DF0CD8 /* SoundTouch */,
				2968B2DC16E70205009D884A /* InnerBeat-Info.plist */,
				2968B2DD16E70205009D884A /* InfoPlist.strings */,
				2968B2E016E70205009D884A /* main.m */,
				2968B2E216E70205009D884A /* InnerBeat-Prefix.pch */,
				2968B2E616E70205009D884A /* Default.png */,
				2968B2E816E70205009D884A /* Default@2x.png */,
				2968B2EA16E70205009D884A /* Default-568h@2x.png */,
			);
			name = "Supporting Files";
			sourceTree = "<group>";
		};
		2968B2FB16E86630009D884A /* ProfileSelect */ = {
			isa = PBXGroup;
			children = (
				2968B2F116E702F0009D884A /* ProfileSelectViewController.h */,
				2968B2F216E702F0009D884A /* ProfileSelectViewController.m */,
				2968B2F316E702F0009D884A /* ProfileSelectViewController.xib */,
				2968B2FD16E866E2009D884A /* ProfileItem.h */,
				2968B2FE16E866E2009D884A /* ProfileItem.m */,
				2968B30016E86DE0009D884A /* ProfileItemStore.h */,
				2968B30116E86DE0009D884A /* ProfileItemStore.m */,
			);
			name = ProfileSelect;
			sourceTree = "<group>";
		};
		2968B2FC16E8666C009D884A /* PlaylistSelect */ = {
			isa = PBXGroup;
			children = (
				2968B2F816E715EB009D884A /* PlaylistSelectViewController.xib */,
				2968B2F716E715EB009D884A /* PlaylistSelectViewController.m */,
				2968B2F616E715EB009D884A /* PlaylistSelectViewController.h */,
				2968B31116F2D9A8009D884A /* PlaylistItem.h */,
				2968B31216F2DBB6009D884A /* PlaylistItem.m */,
				2968B31416F2E075009D884A /* PlaylistItemStore.h */,
				2968B31516F2E32E009D884A /* PlaylistItemStore.m */,
			);
			name = PlaylistSelect;
			sourceTree = "<group>";
		};
		2968B30616EC3D93009D884A /* ProfileEdit */ = {
			isa = PBXGroup;
			children = (
				2968B30C16EC3E6B009D884A /* ProfileEditViewController.h */,
				2968B30D16EC3E6B009D884A /* ProfileEditViewController.m */,
				2968B30E16EC3E6B009D884A /* ProfileEditViewController.xib */,
			);
			name = ProfileEdit;
			sourceTree = "<group>";
		};
		2968B31716F43D94009D884A /* RunningScreen */ = {
			isa = PBXGroup;
			children = (
				2968B31816F43E00009D884A /* RunningViewController.h */,
				2968B31916F43E00009D884A /* RunningViewController.m */,
				2968B31A16F43E00009D884A /* RunningViewController.xib */,
			);
			name = RunningScreen;
			sourceTree = "<group>";
		};
		2983AA8E1700187200DF0CD8 /* SoundTouch */ = {
			isa = PBXGroup;
			children = (
				2983AA9717001B7C00DF0CD8 /* SoundTouchRef.mm */,
				2983AA91170019F000DF0CD8 /* SoundTouchRef.h */,
			);
			name = SoundTouch;
			sourceTree = "<group>";
		};
		2983AA9917001DBF00DF0CD8 /* Headers */ = {
			isa = PBXGroup;
			children = (
				2983AA9A17001DBF00DF0CD8 /* BPMDetect.h */,
				2983AA9B17001DBF00DF0CD8 /* FIFOSampleBuffer.h */,
				2983AA9C17001DBF00DF0CD8 /* FIFOSamplePipe.h */,
				2983AA9D17001DBF00DF0CD8 /* SoundTouch.h */,
				2983AA9E17001DBF00DF0CD8 /* soundtouch_config.h */,
				2983AA9F17001DBF00DF0CD8 /* STTypes.h */,
			);
			name = Headers;
			path = "../../../FBAudio-master/FBAudioLib/SoundTouch.framework/Headers";
			sourceTree = "<group>";
		};
/* End PBXGroup section */

/* Begin PBXNativeTarget section */
		2968B2D016E70205009D884A /* InnerBeat */ = {
			isa = PBXNativeTarget;
			buildConfigurationList = 2968B2EE16E70205009D884A /* Build configuration list for PBXNativeTarget "InnerBeat" */;
			buildPhases = (
				2968B2CD16E70205009D884A /* Sources */,
				2968B2CE16E70205009D884A /* Frameworks */,
				2968B2CF16E70205009D884A /* Resources */,
			);
			buildRules = (
			);
			dependencies = (
			);
			name = InnerBeat;
			productName = InnerBeat;
			productReference = 2968B2D116E70205009D884A /* InnerBeat.app */;
			productType = "com.apple.product-type.application";
		};
/* End PBXNativeTarget section */

/* Begin PBXProject section */
		2968B2C916E70205009D884A /* Project object */ = {
			isa = PBXProject;
			attributes = {
				CLASSPREFIX = InnerBeat;
				LastUpgradeCheck = 0460;
				ORGANIZATIONNAME = "Shawn Fitzpatrick";
			};
			buildConfigurationList = 2968B2CC16E70205009D884A /* Build configuration list for PBXProject "InnerBeat" */;
			compatibilityVersion = "Xcode 3.2";
			developmentRegion = English;
			hasScannedForEncodings = 0;
			knownRegions = (
				en,
			);
			mainGroup = 2968B2C816E70205009D884A;
			productRefGroup = 2968B2D216E70205009D884A /* Products */;
			projectDirPath = "";
			projectRoot = "";
			targets = (
				2968B2D016E70205009D884A /* InnerBeat */,
			);
		};
/* End PBXProject section */

/* Begin PBXResourcesBuildPhase section */
		2968B2CF16E70205009D884A /* Resources */ = {
			isa = PBXResourcesBuildPhase;
			buildActionMask = 2147483647;
			files = (
				2968B2DF16E70205009D884A /* InfoPlist.strings in Resources */,
				2968B2E716E70205009D884A /* Default.png in Resources */,
				2968B2E916E70205009D884A /* Default@2x.png in Resources */,
				2968B2EB16E70205009D884A /* Default-568h@2x.png in Resources */,
				2968B2F516E702F0009D884A /* ProfileSelectViewController.xib in Resources */,
				2968B2FA16E715EB009D884A /* PlaylistSelectViewController.xib in Resources */,
				2968B31016EC3E6B009D884A /* ProfileEditViewController.xib in Resources */,
				2968B31C16F43E00009D884A /* RunningViewController.xib in Resources */,
			);
			runOnlyForDeploymentPostprocessing = 0;
		};
/* End PBXResourcesBuildPhase section */

/* Begin PBXSourcesBuildPhase section */
		2968B2CD16E70205009D884A /* Sources */ = {
			isa = PBXSourcesBuildPhase;
			buildActionMask = 2147483647;
			files = (
				2968B2E116E70205009D884A /* main.m in Sources */,
				2968B2E516E70205009D884A /* InnerBeatAppDelegate.m in Sources */,
				2968B2F416E702F0009D884A /* ProfileSelectViewController.m in Sources */,
				2968B2F916E715EB009D884A /* PlaylistSelectViewController.m in Sources */,
				2968B2FF16E866E2009D884A /* ProfileItem.m in Sources */,
				2968B30216E86DE0009D884A /* ProfileItemStore.m in Sources */,
				2968B30F16EC3E6B009D884A /* ProfileEditViewController.m in Sources */,
				2968B31316F2DBB6009D884A /* PlaylistItem.m in Sources */,
				2968B31616F2E32E009D884A /* PlaylistItemStore.m in Sources */,
				2968B31B16F43E00009D884A /* RunningViewController.m in Sources */,
				2983AA9817001B7C00DF0CD8 /* SoundTouchRef.mm in Sources */,
			);
			runOnlyForDeploymentPostprocessing = 0;
		};
/* End PBXSourcesBuildPhase section */

/* Begin PBXVariantGroup section */
		2968B2DD16E70205009D884A /* InfoPlist.strings */ = {
			isa = PBXVariantGroup;
			children = (
				2968B2DE16E70205009D884A /* en */,
			);
			name = InfoPlist.strings;
			sourceTree = "<group>";
		};
/* End PBXVariantGroup section */

/* Begin XCBuildConfiguration section */
		2968B2EC16E70205009D884A /* Debug */ = {
			isa = XCBuildConfiguration;
			buildSettings = {
				ALWAYS_SEARCH_USER_PATHS = NO;
				CLANG_CXX_LANGUAGE_STANDARD = "gnu++0x";
				CLANG_CXX_LIBRARY = "libc++";
				CLANG_ENABLE_OBJC_ARC = YES;
				CLANG_WARN_CONSTANT_CONVERSION = YES;
				CLANG_WARN_EMPTY_BODY = YES;
				CLANG_WARN_ENUM_CONVERSION = YES;
				CLANG_WARN_INT_CONVERSION = YES;
				CLANG_WARN__DUPLICATE_METHOD_MATCH = YES;
				"CODE_SIGN_IDENTITY[sdk=iphoneos*]" = "iPhone Developer";
				COPY_PHASE_STRIP = NO;
				GCC_C_LANGUAGE_STANDARD = gnu99;
				GCC_DYNAMIC_NO_PIC = NO;
				GCC_OPTIMIZATION_LEVEL = 0;
				GCC_PREPROCESSOR_DEFINITIONS = (
					"DEBUG=1",
					"$(inherited)",
				);
				GCC_SYMBOLS_PRIVATE_EXTERN = NO;
				GCC_WARN_ABOUT_RETURN_TYPE = YES;
				GCC_WARN_UNINITIALIZED_AUTOS = YES;
				GCC_WARN_UNUSED_VARIABLE = YES;
				IPHONEOS_DEPLOYMENT_TARGET = 6.1;
				ONLY_ACTIVE_ARCH = YES;
				SDKROOT = iphoneos;
			};
			name = Debug;
		};
		2968B2ED16E70205009D884A /* Release */ = {
			isa = XCBuildConfiguration;
			buildSettings = {
				ALWAYS_SEARCH_USER_PATHS = NO;
				CLANG_CXX_LANGUAGE_STANDARD = "gnu++0x";
				CLANG_CXX_LIBRARY = "libc++";
				CLANG_ENABLE_OBJC_ARC = YES;
				CLANG_WARN_CONSTANT_CONVERSION = YES;
				CLANG_WARN_EMPTY_BODY = YES;
				CLANG_WARN_ENUM_CONVERSION = YES;
				CLANG_WARN_INT_CONVERSION = YES;
				CLANG_WARN__DUPLICATE_METHOD_MATCH = YES;
				"CODE_SIGN_IDENTITY[sdk=iphoneos*]" = "iPhone Developer";
				COPY_PHASE_STRIP = YES;
				GCC_C_LANGUAGE_STANDARD = gnu99;
				GCC_WARN_ABOUT_RETURN_TYPE = YES;
				GCC_WARN_UNINITIALIZED_AUTOS = YES;
				GCC_WARN_UNUSED_VARIABLE = YES;
				IPHONEOS_DEPLOYMENT_TARGET = 6.1;
				OTHER_CFLAGS = "-DNS_BLOCK_ASSERTIONS=1";
				SDKROOT = iphoneos;
				VALIDATE_PRODUCT = YES;
			};
			name = Release;
		};
		2968B2EF16E70205009D884A /* Debug */ = {
			isa = XCBuildConfiguration;
			buildSettings = {
				CLANG_CXX_LANGUAGE_STANDARD = "compiler-default";
				CLANG_CXX_LIBRARY = "libstdc++";
				GCC_PRECOMPILE_PREFIX_HEADER = YES;
				GCC_PREFIX_HEADER = "InnerBeat/InnerBeat-Prefix.pch";
				GCC_VERSION = com.apple.compilers.llvm.clang.1_0;
				INFOPLIST_FILE = "InnerBeat/InnerBeat-Info.plist";
				ONLY_ACTIVE_ARCH = YES;
				PRODUCT_NAME = "$(TARGET_NAME)";
				WRAPPER_EXTENSION = app;
			};
			name = Debug;
		};
		2968B2F016E70205009D884A /* Release */ = {
			isa = XCBuildConfiguration;
			buildSettings = {
				CLANG_CXX_LANGUAGE_STANDARD = "compiler-default";
				CLANG_CXX_LIBRARY = "libstdc++";
				GCC_PRECOMPILE_PREFIX_HEADER = YES;
				GCC_PREFIX_HEADER = "InnerBeat/InnerBeat-Prefix.pch";
				GCC_VERSION = com.apple.compilers.llvm.clang.1_0;
				INFOPLIST_FILE = "InnerBeat/InnerBeat-Info.plist";
				ONLY_ACTIVE_ARCH = YES;
				PRODUCT_NAME = "$(TARGET_NAME)";
				WRAPPER_EXTENSION = app;
			};
			name = Release;
		};
/* End XCBuildConfiguration section */

/* Begin XCConfigurationList section */
		2968B2CC16E70205009D884A /* Build configuration list for PBXProject "InnerBeat" */ = {
			isa = XCConfigurationList;
			buildConfigurations = (
				2968B2EC16E70205009D884A /* Debug */,
				2968B2ED16E70205009D884A /* Release */,
			);
			defaultConfigurationIsVisible = 0;
			defaultConfigurationName = Release;
		};
		2968B2EE16E70205009D884A /* Build configuration list for PBXNativeTarget "InnerBeat" */ = {
			isa = XCConfigurationList;
			buildConfigurations = (
				2968B2EF16E70205009D884A /* Debug */,
				2968B2F016E70205009D884A /* Release */,
			);
			defaultConfigurationIsVisible = 0;
			defaultConfigurationName = Release;
		};
/* End XCConfigurationList section */
	};
	rootObject = 2968B2C916E70205009D884A /* Project object */;
}
